
Microsoft Visual Studio Solution File, Format Version 12.00
# Visual Studio Version 17
VisualStudioVersion = 17.8.34322.80
MinimumVisualStudioVersion = 10.0.40219.1
Project("{9A19103F-16F7-4668-BE54-9A1E7A4F7556}") = "EmployeeManagementSystem", "EmployeeManagementSystem\EmployeeManagementSystem.csproj", "{D0FC5351-2A6B-4712-87F6-E42D9ED73499}"
EndProject
Project("{FAE04EC0-301F-11D3-BF4B-00C04F79EFBC}") = "CRUDEMployee", "CRUDEMployee\CRUDEMployee.csproj", "{A8B2DFF7-D49F-4070-966F-548E420E0CC1}"
EndProject
Global
	GlobalSection(SolutionConfigurationPlatforms) = preSolution
		Debug|Any CPU = Debug|Any CPU
		Release|Any CPU = Release|Any CPU
	EndGlobalSection
	GlobalSection(ProjectConfigurationPlatforms) = postSolution
		{D0FC5351-2A6B-4712-87F6-E42D9ED73499}.Debug|Any CPU.ActiveCfg = Debug|Any CPU
		{D0FC5351-2A6B-4712-87F6-E42D9ED73499}.Debug|Any CPU.Build.0 = Debug|Any CPU
		{D0FC5351-2A6B-4712-87F6-E42D9ED73499}.Release|Any CPU.ActiveCfg = Release|Any CPU
		{D0FC5351-2A6B-4712-87F6-E42D9ED73499}.Release|Any CPU.Build.0 = Release|Any CPU
		{A8B2DFF7-D49F-4070-966F-548E420E0CC1}.Debug|Any CPU.ActiveCfg = Debug|Any CPU
		{A8B2DFF7-D49F-4070-966F-548E420E0CC1}.Debug|Any CPU.Build.0 = Debug|Any CPU
		{A8B2DFF7-D49F-4070-966F-548E420E0CC1}.Release|Any CPU.ActiveCfg = Release|Any CPU
		{A8B2DFF7-D49F-4070-966F-548E420E0CC1}.Release|Any CPU.Build.0 = Release|Any CPU
	EndGlobalSection
	GlobalSection(SolutionProperties) = preSolution
		HideSolutionNode = FALSE
	EndGlobalSection
	GlobalSection(ExtensibilityGlobals) = postSolution
		SolutionGuid = {C1AD698C-8407-48B3-A227-2BE9FB2D5DC0}
	EndGlobalSection
EndGlobal
